
Microsoft Visual Studio Solution File, Format Version 12.00
# Visual Studio Version 16
VisualStudioVersion = 16.0.30804.86
MinimumVisualStudioVersion = 10.0.40219.1
Project("{FAE04EC0-301F-11D3-BF4B-00C04F79EFBC}") = "ElectronNet.API", "ElectronNet.API\ElectronNet.API.csproj", "{F03BF16B-DC08-4359-95B1-19BA678FC13A}"
EndProject
Global
	GlobalSection(SolutionConfigurationPlatforms) = preSolution
		Debug|Any CPU = Debug|Any CPU
		Release|Any CPU = Release|Any CPU
	EndGlobalSection
	GlobalSection(ProjectConfigurationPlatforms) = postSolution
		{F03BF16B-DC08-4359-95B1-19BA678FC13A}.Debug|Any CPU.ActiveCfg = Debug|Any CPU
		{F03BF16B-DC08-4359-95B1-19BA678FC13A}.Debug|Any CPU.Build.0 = Debug|Any CPU
		{F03BF16B-DC08-4359-95B1-19BA678FC13A}.Release|Any CPU.ActiveCfg = Release|Any CPU
		{F03BF16B-DC08-4359-95B1-19BA678FC13A}.Release|Any CPU.Build.0 = Release|Any CPU
	EndGlobalSection
	GlobalSection(SolutionProperties) = preSolution
		HideSolutionNode = FALSE
	EndGlobalSection
	GlobalSection(ExtensibilityGlobals) = postSolution
		SolutionGuid = {0ED38348-DFA1-475A-A572-6E7814142282}
	EndGlobalSection
EndGlobal
